
Microsoft Visual Studio Solution File, Format Version 12.00
# Visual Studio Version 17
VisualStudioVersion = 17.4.33213.308
MinimumVisualStudioVersion = 10.0.40219.1
Project("{FAE04EC0-301F-11D3-BF4B-00C04F79EFBC}") = "CapstoneProject", "CapstoneProject\CapstoneProject.csproj", "{2452E4D4-004C-47E2-9FFB-60AE9700485B}"
EndProject
Global
	GlobalSection(SolutionConfigurationPlatforms) = preSolution
		Debug|Any CPU = Debug|Any CPU
		Release|Any CPU = Release|Any CPU
	EndGlobalSection
	GlobalSection(ProjectConfigurationPlatforms) = postSolution
		{2452E4D4-004C-47E2-9FFB-60AE9700485B}.Debug|Any CPU.ActiveCfg = Debug|Any CPU
		{2452E4D4-004C-47E2-9FFB-60AE9700485B}.Debug|Any CPU.Build.0 = Debug|Any CPU
		{2452E4D4-004C-47E2-9FFB-60AE9700485B}.Release|Any CPU.ActiveCfg = Release|Any CPU
		{2452E4D4-004C-47E2-9FFB-60AE9700485B}.Release|Any CPU.Build.0 = Release|Any CPU
	EndGlobalSection
	GlobalSection(SolutionProperties) = preSolution
		HideSolutionNode = FALSE
	EndGlobalSection
	GlobalSection(ExtensibilityGlobals) = postSolution
		SolutionGuid = {2D29259D-DA63-4A12-AF80-2AD3F60773C9}
	EndGlobalSection
EndGlobal
